
Microsoft Visual Studio Solution File, Format Version 12.00
# Visual Studio Version 17
VisualStudioVersion = 17.0.32014.148
MinimumVisualStudioVersion = 10.0.40219.1
Project("{9A19103F-16F7-4668-BE54-9A1E7A4F7556}") = "Zork.Common", "Zork.Common\Zork.Common.csproj", "{97F0153E-5A03-4C05-8F28-A6F531E3BF28}"
EndProject
Project("{9A19103F-16F7-4668-BE54-9A1E7A4F7556}") = "Zork.Cli", "Zork.Cli\Zork.Cli.csproj", "{5F195A60-0E02-499C-B3DC-D5AC9D6BE047}"
EndProject
Global
	GlobalSection(SolutionConfigurationPlatforms) = preSolution
		Debug|Any CPU = Debug|Any CPU
		Release|Any CPU = Release|Any CPU
	EndGlobalSection
	GlobalSection(ProjectConfigurationPlatforms) = postSolution
		{97F0153E-5A03-4C05-8F28-A6F531E3BF28}.Debug|Any CPU.ActiveCfg = Debug|Any CPU
		{97F0153E-5A03-4C05-8F28-A6F531E3BF28}.Debug|Any CPU.Build.0 = Debug|Any CPU
		{97F0153E-5A03-4C05-8F28-A6F531E3BF28}.Release|Any CPU.ActiveCfg = Release|Any CPU
		{97F0153E-5A03-4C05-8F28-A6F531E3BF28}.Release|Any CPU.Build.0 = Release|Any CPU
		{5F195A60-0E02-499C-B3DC-D5AC9D6BE047}.Debug|Any CPU.ActiveCfg = Debug|Any CPU
		{5F195A60-0E02-499C-B3DC-D5AC9D6BE047}.Debug|Any CPU.Build.0 = Debug|Any CPU
		{5F195A60-0E02-499C-B3DC-D5AC9D6BE047}.Release|Any CPU.ActiveCfg = Release|Any CPU
		{5F195A60-0E02-499C-B3DC-D5AC9D6BE047}.Release|Any CPU.Build.0 = Release|Any CPU
	EndGlobalSection
	GlobalSection(SolutionProperties) = preSolution
		HideSolutionNode = FALSE
	EndGlobalSection
	GlobalSection(ExtensibilityGlobals) = postSolution
		SolutionGuid = {DFBC5CA8-8F79-44E6-8D5E-7CC6D32E7B90}
	EndGlobalSection
EndGlobal
