
Microsoft Visual Studio Solution File, Format Version 12.00
# Visual Studio Version 17
VisualStudioVersion = 17.0.32014.148
MinimumVisualStudioVersion = 10.0.40219.1
Project("{9A19103F-16F7-4668-BE54-9A1E7A4F7556}") = "Zork", "Zork\Zork.csproj", "{AACE38F2-A255-43B1-8EF6-61802FB7FA15}"
EndProject
Global
	GlobalSection(SolutionConfigurationPlatforms) = preSolution
		Debug|Any CPU = Debug|Any CPU
		Release|Any CPU = Release|Any CPU
	EndGlobalSection
	GlobalSection(ProjectConfigurationPlatforms) = postSolution
		{AACE38F2-A255-43B1-8EF6-61802FB7FA15}.Debug|Any CPU.ActiveCfg = Debug|Any CPU
		{AACE38F2-A255-43B1-8EF6-61802FB7FA15}.Debug|Any CPU.Build.0 = Debug|Any CPU
		{AACE38F2-A255-43B1-8EF6-61802FB7FA15}.Release|Any CPU.ActiveCfg = Release|Any CPU
		{AACE38F2-A255-43B1-8EF6-61802FB7FA15}.Release|Any CPU.Build.0 = Release|Any CPU
	EndGlobalSection
	GlobalSection(SolutionProperties) = preSolution
		HideSolutionNode = FALSE
	EndGlobalSection
	GlobalSection(ExtensibilityGlobals) = postSolution
		SolutionGuid = {DFBC5CA8-8F79-44E6-8D5E-7CC6D32E7B90}
	EndGlobalSection
EndGlobal
